
Microsoft Visual Studio Solution File, Format Version 12.00
# Visual Studio Version 16
VisualStudioVersion = 16.0.31402.337
MinimumVisualStudioVersion = 10.0.40219.1
Project("{9A19103F-16F7-4668-BE54-9A1E7A4F7556}") = "SkillBoxHomeWork_02", "SkillBoxHomeWork_02\SkillBoxHomeWork_02.csproj", "{CCEBC858-BCAD-4027-9A5C-ADF0956E1C84}"
EndProject
Project("{2150E333-8FDC-42A3-9474-1A3956D46DE8}") = "HomeWork_02", "HomeWork_02", "{8D8B9C33-9D91-431E-A87D-8899D9EAB83D}"
EndProject
Project("{2150E333-8FDC-42A3-9474-1A3956D46DE8}") = "HomeWork_03", "HomeWork_03", "{CBED44BB-82B9-46D3-9E65-F3C759BDF587}"
EndProject
Project("{FAE04EC0-301F-11D3-BF4B-00C04F79EFBC}") = "HomeWork_03", "HomeWork_03\HomeWork_03.csproj", "{B1174DA5-CF05-45A8-BC78-1B7A153EE193}"
EndProject
Global
	GlobalSection(SolutionConfigurationPlatforms) = preSolution
		Debug|Any CPU = Debug|Any CPU
		Release|Any CPU = Release|Any CPU
	EndGlobalSection
	GlobalSection(ProjectConfigurationPlatforms) = postSolution
		{CCEBC858-BCAD-4027-9A5C-ADF0956E1C84}.Debug|Any CPU.ActiveCfg = Debug|Any CPU
		{CCEBC858-BCAD-4027-9A5C-ADF0956E1C84}.Debug|Any CPU.Build.0 = Debug|Any CPU
		{CCEBC858-BCAD-4027-9A5C-ADF0956E1C84}.Release|Any CPU.ActiveCfg = Release|Any CPU
		{CCEBC858-BCAD-4027-9A5C-ADF0956E1C84}.Release|Any CPU.Build.0 = Release|Any CPU
		{B1174DA5-CF05-45A8-BC78-1B7A153EE193}.Debug|Any CPU.ActiveCfg = Debug|Any CPU
		{B1174DA5-CF05-45A8-BC78-1B7A153EE193}.Debug|Any CPU.Build.0 = Debug|Any CPU
		{B1174DA5-CF05-45A8-BC78-1B7A153EE193}.Release|Any CPU.ActiveCfg = Release|Any CPU
		{B1174DA5-CF05-45A8-BC78-1B7A153EE193}.Release|Any CPU.Build.0 = Release|Any CPU
	EndGlobalSection
	GlobalSection(SolutionProperties) = preSolution
		HideSolutionNode = FALSE
	EndGlobalSection
	GlobalSection(NestedProjects) = preSolution
		{CCEBC858-BCAD-4027-9A5C-ADF0956E1C84} = {8D8B9C33-9D91-431E-A87D-8899D9EAB83D}
		{B1174DA5-CF05-45A8-BC78-1B7A153EE193} = {CBED44BB-82B9-46D3-9E65-F3C759BDF587}
	EndGlobalSection
	GlobalSection(ExtensibilityGlobals) = postSolution
		SolutionGuid = {C0EA1D44-069F-4500-8598-4476E36C6C91}
	EndGlobalSection
EndGlobal
